<?xml version="1.0" encoding="utf-8"?>
<Project ToolsVersion="4.0" xmlns="http://schemas.microsoft.com/developer/msbuild/2003">
  <ItemGroup>
    <Filter Include="리소스 파일">
      <UniqueIdentifier>{67DA6AB6-F800-4c08-8B7A-83BB121AAD01}</UniqueIdentifier>
      <Extensions>rc;ico;cur;bmp;dlg;rc2;rct;bin;rgs;gif;jpg;jpeg;jpe;resx;tiff;tif;png;wav;mfcribbon-ms</Extensions>
    </Filter>
    <Filter Include="Engine">
      <UniqueIdentifier>{a2003f01-4008-451c-9d57-5d1035354ac9}</UniqueIdentifier>
    </Filter>
    <Filter Include="Engine\01. Header">
      <UniqueIdentifier>{c59e8172-2454-488a-a320-32d38f6bf11d}</UniqueIdentifier>
    </Filter>
    <Filter Include="Engine\02. Core">
      <UniqueIdentifier>{7aa4819d-38f0-4976-9c75-d7b1a4b9feb2}</UniqueIdentifier>
    </Filter>
    <Filter Include="Default">
      <UniqueIdentifier>{20f94a46-8730-48c3-a0f0-6d13bdeed3cb}</UniqueIdentifier>
    </Filter>
    <Filter Include="Engine\03. Manager">
      <UniqueIdentifier>{378b3268-1fad-4445-89a5-2e5f35eeaaeb}</UniqueIdentifier>
    </Filter>
    <Filter Include="Engine\03. Manager\KeyMgr">
      <UniqueIdentifier>{d91fdb86-f284-4e0d-993b-f3fba48515c1}</UniqueIdentifier>
    </Filter>
    <Filter Include="Engine\03. Manager\TimeMgr">
      <UniqueIdentifier>{efb386b4-2f9f-4226-b757-a1b3353379bf}</UniqueIdentifier>
    </Filter>
    <Filter Include="Engine\04. Object">
      <UniqueIdentifier>{e4b788c2-b172-4adc-b78f-93c45ddda088}</UniqueIdentifier>
    </Filter>
    <Filter Include="Engine\05. Scene">
      <UniqueIdentifier>{9db0a657-f89b-4a76-8132-400660d96956}</UniqueIdentifier>
    </Filter>
    <Filter Include="Engine\05. Scene\NewFilter2">
      <UniqueIdentifier>{d6b5c60d-3c9b-4c17-9d33-aace7ec98c1e}</UniqueIdentifier>
    </Filter>
    <Filter Include="Engine\03. Manager\SceneMgr">
      <UniqueIdentifier>{4534dfa4-e3f1-4b01-8e4f-1ea960f8e715}</UniqueIdentifier>
    </Filter>
    <Filter Include="Engine\05. Scene\Scene_Start">
      <UniqueIdentifier>{a0402307-2915-4094-b4d8-45c0468a7a80}</UniqueIdentifier>
    </Filter>
    <Filter Include="Engine\04. Object\Player">
      <UniqueIdentifier>{9697aca2-0bb3-425c-9b2a-59686280d44e}</UniqueIdentifier>
    </Filter>
    <Filter Include="Engine\04. Object\Monster">
      <UniqueIdentifier>{103dffcf-c530-496a-bc76-0042d6a4b7dd}</UniqueIdentifier>
    </Filter>
    <Filter Include="Engine\04. Object\Bullet">
      <UniqueIdentifier>{7600d195-ab74-4fa4-8013-be1629b6f969}</UniqueIdentifier>
    </Filter>
    <Filter Include="Engine\06. Resource">
      <UniqueIdentifier>{c8ef1981-3c76-43d4-84c6-03675ee4b147}</UniqueIdentifier>
    </Filter>
    <Filter Include="Engine\06. Resource\Image">
      <UniqueIdentifier>{9186983d-dbcc-4acd-b78e-03b14728249c}</UniqueIdentifier>
    </Filter>
    <Filter Include="Engine\06. Resource\Sound">
      <UniqueIdentifier>{77d05773-b54e-4c3c-9f7b-b2a33c929e80}</UniqueIdentifier>
    </Filter>
    <Filter Include="Engine\03. Manager\PathMgr">
      <UniqueIdentifier>{aaf7eb08-c768-402b-8a1a-dcbf54bec4a4}</UniqueIdentifier>
    </Filter>
    <Filter Include="Engine\03. Manager\ResMgr">
      <UniqueIdentifier>{6098ba38-052b-406c-9eaa-7c6ba1e8565a}</UniqueIdentifier>
    </Filter>
    <Filter Include="Engine\07. Component">
      <UniqueIdentifier>{298a8031-5540-4c6d-a525-9c39adb746af}</UniqueIdentifier>
    </Filter>
    <Filter Include="Engine\08. Module">
      <UniqueIdentifier>{d3f6b007-449a-4eb6-a338-2a7da311742d}</UniqueIdentifier>
    </Filter>
    <Filter Include="Engine\03. Manager\CollisionMgr">
      <UniqueIdentifier>{57f5cab3-751f-4a3c-b6a1-d0b73b68e235}</UniqueIdentifier>
    </Filter>
  </ItemGroup>
  <ItemGroup>
    <ClInclude Include="21winapiframework.h">
      <Filter>Default</Filter>
    </ClInclude>
    <ClInclude Include="framework.h">
      <Filter>Default</Filter>
    </ClInclude>
    <ClInclude Include="Resource.h">
      <Filter>Default</Filter>
    </ClInclude>
    <ClInclude Include="targetver.h">
      <Filter>Default</Filter>
    </ClInclude>
    <ClInclude Include="Core.h">
      <Filter>Engine\02. Core</Filter>
    </ClInclude>
    <ClInclude Include="define.h">
      <Filter>Engine\01. Header</Filter>
    </ClInclude>
    <ClInclude Include="KeyMgr.h">
      <Filter>Engine\03. Manager\KeyMgr</Filter>
    </ClInclude>
    <ClInclude Include="pch.h">
      <Filter>Engine\01. Header</Filter>
    </ClInclude>
    <ClInclude Include="TimeMgr.h">
      <Filter>Engine\03. Manager\TimeMgr</Filter>
    </ClInclude>
    <ClInclude Include="BWindow.h">
      <Filter>Engine\02. Core</Filter>
    </ClInclude>
    <ClInclude Include="Object.h">
      <Filter>Engine\04. Object</Filter>
    </ClInclude>
    <ClInclude Include="Vec2.h">
      <Filter>Engine\01. Header</Filter>
    </ClInclude>
    <ClInclude Include="Scene.h">
      <Filter>Engine\05. Scene</Filter>
    </ClInclude>
    <ClInclude Include="SceneMgr.h">
      <Filter>Engine\03. Manager\SceneMgr</Filter>
    </ClInclude>
    <ClInclude Include="Scene_Start.h">
      <Filter>Engine\05. Scene\Scene_Start</Filter>
    </ClInclude>
    <ClInclude Include="Player.h">
      <Filter>Engine\04. Object\Player</Filter>
    </ClInclude>
    <ClInclude Include="Monster.h">
      <Filter>Engine\04. Object\Monster</Filter>
    </ClInclude>
    <ClInclude Include="Bullet.h">
      <Filter>Engine\04. Object\Bullet</Filter>
    </ClInclude>
    <ClInclude Include="Res.h">
      <Filter>Engine\06. Resource</Filter>
    </ClInclude>
    <ClInclude Include="Image.h">
      <Filter>Engine\06. Resource\Image</Filter>
    </ClInclude>
    <ClInclude Include="Sound.h">
      <Filter>Engine\06. Resource\Sound</Filter>
    </ClInclude>
    <ClInclude Include="PathMgr.h">
      <Filter>Engine\03. Manager\PathMgr</Filter>
    </ClInclude>
    <ClInclude Include="ResMgr.h">
      <Filter>Engine\03. Manager\ResMgr</Filter>
    </ClInclude>
    <ClInclude Include="SelectGDI.h">
      <Filter>Engine\08. Module</Filter>
    </ClInclude>
    <ClInclude Include="CollisionMgr.h">
      <Filter>Engine\03. Manager\CollisionMgr</Filter>
    </ClInclude>
    <ClInclude Include="Collider.h">
      <Filter>Engine\07. Component</Filter>
    </ClInclude>
  </ItemGroup>
  <ItemGroup>
    <ResourceCompile Include="21winapiframework.rc">
      <Filter>리소스 파일</Filter>
    </ResourceCompile>
  </ItemGroup>
  <ItemGroup>
    <Image Include="small.ico">
      <Filter>리소스 파일</Filter>
    </Image>
    <Image Include="21winapiframework.ico">
      <Filter>리소스 파일</Filter>
    </Image>
  </ItemGroup>
  <ItemGroup>
    <ClCompile Include="main.cpp" />
    <ClCompile Include="Core.cpp">
      <Filter>Engine\02. Core</Filter>
    </ClCompile>
    <ClCompile Include="KeyMgr.cpp">
      <Filter>Engine\03. Manager\KeyMgr</Filter>
    </ClCompile>
    <ClCompile Include="TimeMgr.cpp">
      <Filter>Engine\03. Manager\TimeMgr</Filter>
    </ClCompile>
    <ClCompile Include="BWindow.cpp">
      <Filter>Engine\02. Core</Filter>
    </ClCompile>
    <ClCompile Include="Object.cpp">
      <Filter>Engine\04. Object</Filter>
    </ClCompile>
    <ClCompile Include="Vec2.cpp">
      <Filter>Engine\01. Header</Filter>
    </ClCompile>
    <ClCompile Include="Scene.cpp">
      <Filter>Engine\05. Scene</Filter>
    </ClCompile>
    <ClCompile Include="SceneMgr.cpp">
      <Filter>Engine\03. Manager\SceneMgr</Filter>
    </ClCompile>
    <ClCompile Include="Scene_Start.cpp">
      <Filter>Engine\05. Scene\Scene_Start</Filter>
    </ClCompile>
    <ClCompile Include="Player.cpp">
      <Filter>Engine\04. Object\Player</Filter>
    </ClCompile>
    <ClCompile Include="Monster.cpp">
      <Filter>Engine\04. Object\Monster</Filter>
    </ClCompile>
    <ClCompile Include="Bullet.cpp">
      <Filter>Engine\04. Object\Bullet</Filter>
    </ClCompile>
    <ClCompile Include="Res.cpp">
      <Filter>Engine\06. Resource</Filter>
    </ClCompile>
    <ClCompile Include="Image.cpp">
      <Filter>Engine\06. Resource\Image</Filter>
    </ClCompile>
    <ClCompile Include="Sound.cpp">
      <Filter>Engine\06. Resource\Sound</Filter>
    </ClCompile>
    <ClCompile Include="PathMgr.cpp">
      <Filter>Engine\03. Manager\PathMgr</Filter>
    </ClCompile>
    <ClCompile Include="ResMgr.cpp">
      <Filter>Engine\03. Manager\ResMgr</Filter>
    </ClCompile>
    <ClCompile Include="Collider.cpp">
      <Filter>Engine\07. Component</Filter>
    </ClCompile>
    <ClCompile Include="SelectGDI.cpp">
      <Filter>Engine\08. Module</Filter>
    </ClCompile>
    <ClCompile Include="CollisionMgr.cpp">
      <Filter>Engine\03. Manager\CollisionMgr</Filter>
    </ClCompile>
  </ItemGroup>
</Project>